
Microsoft Visual Studio Solution File, Format Version 12.00
# Visual Studio Version 16
VisualStudioVersion = 16.0.28922.388
MinimumVisualStudioVersion = 10.0.40219.1
Project("{FAE04EC0-301F-11D3-BF4B-00C04F79EFBC}") = "FluxOS", "FluxOS.csproj", "{6E7BC68E-361A-454C-B88E-4D389DE45748}"
EndProject
Global
	GlobalSection(SolutionConfigurationPlatforms) = preSolution
		Debug|Any CPU = Debug|Any CPU
		Release|Any CPU = Release|Any CPU
	EndGlobalSection
	GlobalSection(ProjectConfigurationPlatforms) = postSolution
		{6E7BC68E-361A-454C-B88E-4D389DE45748}.Debug|Any CPU.ActiveCfg = Debug|Any CPU
		{6E7BC68E-361A-454C-B88E-4D389DE45748}.Debug|Any CPU.Build.0 = Debug|Any CPU
		{6E7BC68E-361A-454C-B88E-4D389DE45748}.Release|Any CPU.ActiveCfg = Release|Any CPU
		{6E7BC68E-361A-454C-B88E-4D389DE45748}.Release|Any CPU.Build.0 = Release|Any CPU
	EndGlobalSection
	GlobalSection(SolutionProperties) = preSolution
		HideSolutionNode = FALSE
	EndGlobalSection
	GlobalSection(ExtensibilityGlobals) = postSolution
		SolutionGuid = {489DFF16-CDB5-4F4A-AA5D-0998A6DAE5C3}
	EndGlobalSection
EndGlobal
